<?xml version="1.0" encoding="utf-8"?>
<Project ToolsVersion="4.0" xmlns="http://schemas.microsoft.com/developer/msbuild/2003">
  <ItemGroup>
    <Filter Include="Application">
      <UniqueIdentifier>{D9DE78AF-4594-F1A4-CE88-EB7B3A3DE8A8}</UniqueIdentifier>
    </Filter>
    <Filter Include="Application\AssetSystem">
      <UniqueIdentifier>{CD5BEA34-3993-32CC-429D-96EFAE5359C5}</UniqueIdentifier>
    </Filter>
    <Filter Include="Application\AssetSystem\Asset">
      <UniqueIdentifier>{1CF6E0C6-880E-C8F0-51BB-578ABD925C8A}</UniqueIdentifier>
    </Filter>
    <Filter Include="Application\Converter">
      <UniqueIdentifier>{208674AF-8CF2-2FAA-55E6-C707C1115212}</UniqueIdentifier>
    </Filter>
    <Filter Include="Application\Event">
      <UniqueIdentifier>{EA5E0A1D-5675-08B3-9FEC-93D40B42D93A}</UniqueIdentifier>
    </Filter>
    <Filter Include="Application\Exception">
      <UniqueIdentifier>{D78D1D71-43FA-D86B-0CEE-70C97819FBD3}</UniqueIdentifier>
    </Filter>
    <Filter Include="Application\FileDialog">
      <UniqueIdentifier>{383E71AC-2438-9AFE-0DA5-300FF93D006B}</UniqueIdentifier>
    </Filter>
    <Filter Include="Application\Input">
      <UniqueIdentifier>{988D4E1D-04A4-4CB3-4D1B-D8D4B9701D3B}</UniqueIdentifier>
    </Filter>
    <Filter Include="Application\Input\Keyboard">
      <UniqueIdentifier>{188D8B47-049D-3718-6D56-9C36598526B1}</UniqueIdentifier>
    </Filter>
    <Filter Include="Application\Input\Mouse">
      <UniqueIdentifier>{F0122B5B-5C4A-73F2-6554-D715D10A9AEB}</UniqueIdentifier>
    </Filter>
    <Filter Include="Application\Thread">
      <UniqueIdentifier>{203F5DE0-0C23-1E36-7583-1889618608B8}</UniqueIdentifier>
    </Filter>
    <Filter Include="Application\Window">
      <UniqueIdentifier>{A09D6CE7-8C81-2D3D-F5E1-2790E1E417BF}</UniqueIdentifier>
    </Filter>
    <Filter Include="ECS">
      <UniqueIdentifier>{60E1870B-CCEA-877C-5566-9E7CC16E937C}</UniqueIdentifier>
    </Filter>
    <Filter Include="ECS\Component">
      <UniqueIdentifier>{C2F14A5D-2EB2-C693-F7EC-0F11636C0B70}</UniqueIdentifier>
    </Filter>
    <Filter Include="ECS\Entity">
      <UniqueIdentifier>{ACA15D2D-9859-9F7A-0161-78D6ED373A6B}</UniqueIdentifier>
    </Filter>
    <Filter Include="ECS\Scene">
      <UniqueIdentifier>{7DD6BB95-E940-700C-327F-21B29E284E61}</UniqueIdentifier>
    </Filter>
    <Filter Include="Graphics">
      <UniqueIdentifier>{1653CE33-0220-293F-2B39-17E717655ECD}</UniqueIdentifier>
    </Filter>
    <Filter Include="Graphics\Applicable">
      <UniqueIdentifier>{D2D1E6DE-3E33-C4EC-C7A0-0A9F3301FBAB}</UniqueIdentifier>
    </Filter>
    <Filter Include="Graphics\Applicable\Buffer">
      <UniqueIdentifier>{7BD356B1-67E3-0282-D09C-67A0BCCBF11A}</UniqueIdentifier>
    </Filter>
    <Filter Include="Graphics\Applicable\InputLayout">
      <UniqueIdentifier>{4F2A9965-BB0D-A8A5-C410-D6E130736EF6}</UniqueIdentifier>
    </Filter>
    <Filter Include="Graphics\Applicable\RasterizerState">
      <UniqueIdentifier>{6DF68B4E-D9AF-F6F8-620F-11D3CEC7AC68}</UniqueIdentifier>
    </Filter>
    <Filter Include="Graphics\Applicable\Sampler">
      <UniqueIdentifier>{F562ACCA-6170-DAB0-EA56-D69B5663A667}</UniqueIdentifier>
    </Filter>
    <Filter Include="Graphics\Applicable\Shader">
      <UniqueIdentifier>{388110D8-2491-BCA8-8D4A-21C77979AB41}</UniqueIdentifier>
    </Filter>
    <Filter Include="Graphics\Applicable\Shader\ShaderGroup">
      <UniqueIdentifier>{4B337569-3785-4C59-20A4-89690C956542}</UniqueIdentifier>
    </Filter>
    <Filter Include="Graphics\Applicable\Texture">
      <UniqueIdentifier>{32A9C421-9EB6-F207-279D-EEF293A9BEBE}</UniqueIdentifier>
    </Filter>
    <Filter Include="Graphics\Applicable\Topology">
      <UniqueIdentifier>{FE731749-EA2E-07F5-93E6-7F3F7F805185}</UniqueIdentifier>
    </Filter>
    <Filter Include="Graphics\Camera">
      <UniqueIdentifier>{CED20E8B-3A5E-7C4F-436F-FF43AF79D84F}</UniqueIdentifier>
    </Filter>
    <Filter Include="Graphics\Camera\Projection">
      <UniqueIdentifier>{FA097CAE-E619-287F-4FD3-8C9D3B021718}</UniqueIdentifier>
    </Filter>
    <Filter Include="Graphics\DepthStencil">
      <UniqueIdentifier>{6C2F4820-D89B-031B-A18F-9B780DBB2583}</UniqueIdentifier>
    </Filter>
    <Filter Include="Graphics\Framebuffer">
      <UniqueIdentifier>{4AD5CA42-3664-540C-DF82-6807CBF064B2}</UniqueIdentifier>
    </Filter>
    <Filter Include="Graphics\Light">
      <UniqueIdentifier>{3DDFBE88-29AD-B28E-1241-23B5FEAD8EF3}</UniqueIdentifier>
    </Filter>
    <Filter Include="Graphics\Light\PointLight">
      <UniqueIdentifier>{0ED251CE-7A94-8558-C344-14E52F465E36}</UniqueIdentifier>
    </Filter>
    <Filter Include="Graphics\Material">
      <UniqueIdentifier>{745AF5D4-E070-F36A-29E8-7E8C953DC4F2}</UniqueIdentifier>
    </Filter>
    <Filter Include="Graphics\MaterialSystem">
      <UniqueIdentifier>{192DDF9D-8564-2735-8E6E-8B58FA244E2E}</UniqueIdentifier>
    </Filter>
    <Filter Include="Graphics\PickingRay">
      <UniqueIdentifier>{F64196A0-62A3-73AE-EB10-BA605771AA6D}</UniqueIdentifier>
    </Filter>
    <Filter Include="Graphics\RenderGraph">
      <UniqueIdentifier>{57DAB30C-4369-3DD6-EC87-51D1D8F54D7C}</UniqueIdentifier>
    </Filter>
    <Filter Include="Graphics\RenderTarget">
      <UniqueIdentifier>{0CC157C0-782D-13BB-4121-AB18AD4C3523}</UniqueIdentifier>
    </Filter>
    <Filter Include="Graphics\Renderable">
      <UniqueIdentifier>{39D7A6D9-A538-84E7-2EA6-CA999A06BBA6}</UniqueIdentifier>
    </Filter>
    <Filter Include="Graphics\Renderable\Geometry">
      <UniqueIdentifier>{B434522D-A0EF-41D9-49A7-BA2335418C69}</UniqueIdentifier>
    </Filter>
    <Filter Include="Graphics\Renderable\Mesh">
      <UniqueIdentifier>{95B8F9DE-81DD-485F-AA28-2EEF96AC477D}</UniqueIdentifier>
    </Filter>
    <Filter Include="Graphics\Renderable\ModelImporter">
      <UniqueIdentifier>{0BA7AE1D-7715-049D-C0FE-BE9C2CACF938}</UniqueIdentifier>
    </Filter>
    <Filter Include="Graphics\Renderer">
      <UniqueIdentifier>{7C6F0F98-E885-0D2E-31FD-984F9D52DEB5}</UniqueIdentifier>
    </Filter>
    <Filter Include="Graphics\ShaderSystem">
      <UniqueIdentifier>{A1C6354C-0D33-F146-D626-89A4425213AF}</UniqueIdentifier>
    </Filter>
    <Filter Include="Graphics\Surface">
      <UniqueIdentifier>{6EE48EEB-5ADD-AD3D-830F-93C26F678D49}</UniqueIdentifier>
    </Filter>
    <Filter Include="Graphics\Transform">
      <UniqueIdentifier>{617EE3B1-4D62-A407-B6C2-9E5AA2C58E89}</UniqueIdentifier>
    </Filter>
    <Filter Include="Graphics\Transform\AABB">
      <UniqueIdentifier>{96E47D27-021C-C6BE-0B26-2AE277DCECB7}</UniqueIdentifier>
    </Filter>
    <Filter Include="Graphics\Transform\Matrix">
      <UniqueIdentifier>{E59EE61C-5161-1AA7-9A11-A9330613F384}</UniqueIdentifier>
    </Filter>
    <Filter Include="Graphics\Transform\Vector">
      <UniqueIdentifier>{63252432-CFE7-57BC-1898-E6488499309A}</UniqueIdentifier>
    </Filter>
    <Filter Include="Graphics\Viewport">
      <UniqueIdentifier>{05175F69-712D-5DFF-BAA4-E82026FA2D87}</UniqueIdentifier>
    </Filter>
    <Filter Include="Physics">
      <UniqueIdentifier>{888B590D-F46A-D8A8-FD82-637F69E13E0A}</UniqueIdentifier>
    </Filter>
    <Filter Include="Physics\Collider">
      <UniqueIdentifier>{459741A0-3190-60F2-5AC2-4577461A40FE}</UniqueIdentifier>
    </Filter>
    <Filter Include="Physics\PhysicsMaterial">
      <UniqueIdentifier>{6960D5AF-D597-1D47-DEA1-816A4A584440}</UniqueIdentifier>
    </Filter>
    <Filter Include="Physics\RigidBody">
      <UniqueIdentifier>{D481E469-4098-E2FF-890F-6E21F564B387}</UniqueIdentifier>
    </Filter>
    <Filter Include="Profile">
      <UniqueIdentifier>{F60CF123-62EC-6FBF-6B04-FB95D762D620}</UniqueIdentifier>
    </Filter>
    <Filter Include="Profile\Core">
      <UniqueIdentifier>{0EBBC681-FA1D-5626-A3A3-8EDC8FE521A9}</UniqueIdentifier>
    </Filter>
    <Filter Include="Profile\EntryPoint">
      <UniqueIdentifier>{21464EB3-0D2A-0F09-768A-095C628DF98A}</UniqueIdentifier>
    </Filter>
    <Filter Include="Profile\File">
      <UniqueIdentifier>{E545C881-D1A8-5726-7A2E-90DC667023A9}</UniqueIdentifier>
    </Filter>
    <Filter Include="Profile\Node">
      <UniqueIdentifier>{6BC1CC81-5724-5C26-00AA-94DCECEB27A9}</UniqueIdentifier>
    </Filter>
    <Filter Include="Profile\Program">
      <UniqueIdentifier>{1DD919CA-8964-878E-9275-0A83FE7FE38E}</UniqueIdentifier>
    </Filter>
    <Filter Include="Profile\Serializable">
      <UniqueIdentifier>{BCF0EFD4-A87F-799E-519E-8D993D0C8A44}</UniqueIdentifier>
    </Filter>
    <Filter Include="Profile\Time">
      <UniqueIdentifier>{54F3CF81-4056-5F26-E9DB-97DCD51D2BA9}</UniqueIdentifier>
    </Filter>
    <Filter Include="Profile\Time\Timepoint">
      <UniqueIdentifier>{7C7F1BAB-6879-44FD-51E6-DA0D3D7FAA69}</UniqueIdentifier>
    </Filter>
    <Filter Include="Profile\Time\Timer">
      <UniqueIdentifier>{2413A49E-10F7-64F4-7957-5F47655A4F76}</UniqueIdentifier>
    </Filter>
    <Filter Include="Profile\Time\Timestep">
      <UniqueIdentifier>{EE77A5D6-5AE4-60D1-23D8-F82E8F038339}</UniqueIdentifier>
    </Filter>
    <Filter Include="Profile\UUID">
      <UniqueIdentifier>{DC25D081-C888-5F26-710E-98DC5D502BA9}</UniqueIdentifier>
    </Filter>
    <Filter Include="Script">
      <UniqueIdentifier>{9AFBBAD0-869D-E5A6-6F58-F9FA5B996CF7}</UniqueIdentifier>
    </Filter>
    <Filter Include="Script\ScriptClass">
      <UniqueIdentifier>{F4297FF6-E00D-404C-496E-3A9F35712ACE}</UniqueIdentifier>
    </Filter>
    <Filter Include="Script\ScriptRegistry">
      <UniqueIdentifier>{B72070BB-238D-2BB6-EC80-C31358AC4D1E}</UniqueIdentifier>
    </Filter>
  </ItemGroup>
  <ItemGroup>
    <ClInclude Include="Sources\Application\AssetSystem\Asset\GuardianAsset.h">
      <Filter>Application\AssetSystem\Asset</Filter>
    </ClInclude>
    <ClInclude Include="Sources\Application\AssetSystem\Asset\GuardianMeshAsset.h">
      <Filter>Application\AssetSystem\Asset</Filter>
    </ClInclude>
    <ClInclude Include="Sources\Application\AssetSystem\GuardianAssetSystem.h">
      <Filter>Application\AssetSystem</Filter>
    </ClInclude>
    <ClInclude Include="Sources\Application\Converter\GuardianConverter.h">
      <Filter>Application\Converter</Filter>
    </ClInclude>
    <ClInclude Include="Sources\Application\Event\GuardianApplicationEvent.h">
      <Filter>Application\Event</Filter>
    </ClInclude>
    <ClInclude Include="Sources\Application\Event\GuardianEvent.h">
      <Filter>Application\Event</Filter>
    </ClInclude>
    <ClInclude Include="Sources\Application\Event\GuardianEventDispatcher.h">
      <Filter>Application\Event</Filter>
    </ClInclude>
    <ClInclude Include="Sources\Application\Event\GuardianEventProcesser.h">
      <Filter>Application\Event</Filter>
    </ClInclude>
    <ClInclude Include="Sources\Application\Event\GuardianKeyboardEvent.h">
      <Filter>Application\Event</Filter>
    </ClInclude>
    <ClInclude Include="Sources\Application\Event\GuardianMouseEvent.h">
      <Filter>Application\Event</Filter>
    </ClInclude>
    <ClInclude Include="Sources\Application\Exception\GuardianException.h">
      <Filter>Application\Exception</Filter>
    </ClInclude>
    <ClInclude Include="Sources\Application\FileDialog\GuardianFileDialog.h">
      <Filter>Application\FileDialog</Filter>
    </ClInclude>
    <ClInclude Include="Sources\Application\GuardianApplication.h">
      <Filter>Application</Filter>
    </ClInclude>
    <ClInclude Include="Sources\Application\Input\GuardianInput.h">
      <Filter>Application\Input</Filter>
    </ClInclude>
    <ClInclude Include="Sources\Application\Input\Keyboard\GuardianKeyboard.h">
      <Filter>Application\Input\Keyboard</Filter>
    </ClInclude>
    <ClInclude Include="Sources\Application\Input\Mouse\GuardianMouse.h">
      <Filter>Application\Input\Mouse</Filter>
    </ClInclude>
    <ClInclude Include="Sources\Application\Thread\GuardianThread.h">
      <Filter>Application\Thread</Filter>
    </ClInclude>
    <ClInclude Include="Sources\Application\Window\GuardianWindow.h">
      <Filter>Application\Window</Filter>
    </ClInclude>
    <ClInclude Include="Sources\ECS\Component\GuardianComponent.h">
      <Filter>ECS\Component</Filter>
    </ClInclude>
    <ClInclude Include="Sources\ECS\Entity\GuardianEntity.h">
      <Filter>ECS\Entity</Filter>
    </ClInclude>
    <ClInclude Include="Sources\ECS\Entity\GuardianScriptableEntity.h">
      <Filter>ECS\Entity</Filter>
    </ClInclude>
    <ClInclude Include="Sources\ECS\Scene\GuardianScene.h">
      <Filter>ECS\Scene</Filter>
    </ClInclude>
    <ClInclude Include="Sources\Graphics\Applicable\Buffer\GuardianConstantBuffer.h">
      <Filter>Graphics\Applicable\Buffer</Filter>
    </ClInclude>
    <ClInclude Include="Sources\Graphics\Applicable\Buffer\GuardianIndexBuffer.h">
      <Filter>Graphics\Applicable\Buffer</Filter>
    </ClInclude>
    <ClInclude Include="Sources\Graphics\Applicable\Buffer\GuardianVertexBuffer.h">
      <Filter>Graphics\Applicable\Buffer</Filter>
    </ClInclude>
    <ClInclude Include="Sources\Graphics\Applicable\GuardianApplicable.h">
      <Filter>Graphics\Applicable</Filter>
    </ClInclude>
    <ClInclude Include="Sources\Graphics\Applicable\InputLayout\GuardianInputLayout.h">
      <Filter>Graphics\Applicable\InputLayout</Filter>
    </ClInclude>
    <ClInclude Include="Sources\Graphics\Applicable\RasterizerState\GuardianRasterizerState.h">
      <Filter>Graphics\Applicable\RasterizerState</Filter>
    </ClInclude>
    <ClInclude Include="Sources\Graphics\Applicable\Sampler\GuardianSampler.h">
      <Filter>Graphics\Applicable\Sampler</Filter>
    </ClInclude>
    <ClInclude Include="Sources\Graphics\Applicable\Shader\GuardianPixelShader.h">
      <Filter>Graphics\Applicable\Shader</Filter>
    </ClInclude>
    <ClInclude Include="Sources\Graphics\Applicable\Shader\GuardianVertexShader.h">
      <Filter>Graphics\Applicable\Shader</Filter>
    </ClInclude>
    <ClInclude Include="Sources\Graphics\Applicable\Shader\ShaderGroup\GuardianShaderGroup.h">
      <Filter>Graphics\Applicable\Shader\ShaderGroup</Filter>
    </ClInclude>
    <ClInclude Include="Sources\Graphics\Applicable\Texture\GuardianTexture.h">
      <Filter>Graphics\Applicable\Texture</Filter>
    </ClInclude>
    <ClInclude Include="Sources\Graphics\Applicable\Topology\GuardianTopology.h">
      <Filter>Graphics\Applicable\Topology</Filter>
    </ClInclude>
    <ClInclude Include="Sources\Graphics\Camera\GuardianCamera.h">
      <Filter>Graphics\Camera</Filter>
    </ClInclude>
    <ClInclude Include="Sources\Graphics\Camera\Projection\GuardianProjection.h">
      <Filter>Graphics\Camera\Projection</Filter>
    </ClInclude>
    <ClInclude Include="Sources\Graphics\DepthStencil\GuardianDepthStencil.h">
      <Filter>Graphics\DepthStencil</Filter>
    </ClInclude>
    <ClInclude Include="Sources\Graphics\Framebuffer\GuardianFramebuffer.h">
      <Filter>Graphics\Framebuffer</Filter>
    </ClInclude>
    <ClInclude Include="Sources\Graphics\GuardianGraphics.h">
      <Filter>Graphics</Filter>
    </ClInclude>
    <ClInclude Include="Sources\Graphics\GuardianGraphicsRegistry.h">
      <Filter>Graphics</Filter>
    </ClInclude>
    <ClInclude Include="Sources\Graphics\Light\GuardianLightSystem.h">
      <Filter>Graphics\Light</Filter>
    </ClInclude>
    <ClInclude Include="Sources\Graphics\Light\PointLight\GuardianPointLight.h">
      <Filter>Graphics\Light\PointLight</Filter>
    </ClInclude>
    <ClInclude Include="Sources\Graphics\Material\GuardianMaterial.h">
      <Filter>Graphics\Material</Filter>
    </ClInclude>
    <ClInclude Include="Sources\Graphics\MaterialSystem\GuardianMaterialSystem.h">
      <Filter>Graphics\MaterialSystem</Filter>
    </ClInclude>
    <ClInclude Include="Sources\Graphics\PickingRay\GuardianPickingRay.h">
      <Filter>Graphics\PickingRay</Filter>
    </ClInclude>
    <ClInclude Include="Sources\Graphics\RenderGraph\GuardianRenderGraph.h">
      <Filter>Graphics\RenderGraph</Filter>
    </ClInclude>
    <ClInclude Include="Sources\Graphics\RenderTarget\GuardianRenderTarget.h">
      <Filter>Graphics\RenderTarget</Filter>
    </ClInclude>
    <ClInclude Include="Sources\Graphics\Renderable\Geometry\GuardianGeometry.h">
      <Filter>Graphics\Renderable\Geometry</Filter>
    </ClInclude>
    <ClInclude Include="Sources\Graphics\Renderable\GuardianRenderable.h">
      <Filter>Graphics\Renderable</Filter>
    </ClInclude>
    <ClInclude Include="Sources\Graphics\Renderable\GuardianRenderableBase.h">
      <Filter>Graphics\Renderable</Filter>
    </ClInclude>
    <ClInclude Include="Sources\Graphics\Renderable\Mesh\GuardianMesh.h">
      <Filter>Graphics\Renderable\Mesh</Filter>
    </ClInclude>
    <ClInclude Include="Sources\Graphics\Renderable\Mesh\GuardianMeshInstance.h">
      <Filter>Graphics\Renderable\Mesh</Filter>
    </ClInclude>
    <ClInclude Include="Sources\Graphics\Renderable\ModelImporter\GuardianModelImporter.h">
      <Filter>Graphics\Renderable\ModelImporter</Filter>
    </ClInclude>
    <ClInclude Include="Sources\Graphics\Renderer\GuardianRenderer.h">
      <Filter>Graphics\Renderer</Filter>
    </ClInclude>
    <ClInclude Include="Sources\Graphics\ShaderSystem\GuardianShaderSystem.h">
      <Filter>Graphics\ShaderSystem</Filter>
    </ClInclude>
    <ClInclude Include="Sources\Graphics\Surface\GuardianSurface.h">
      <Filter>Graphics\Surface</Filter>
    </ClInclude>
    <ClInclude Include="Sources\Graphics\Transform\AABB\GuardianAABB.h">
      <Filter>Graphics\Transform\AABB</Filter>
    </ClInclude>
    <ClInclude Include="Sources\Graphics\Transform\GuardianTransform.h">
      <Filter>Graphics\Transform</Filter>
    </ClInclude>
    <ClInclude Include="Sources\Graphics\Transform\Matrix\GuardianMatrix.h">
      <Filter>Graphics\Transform\Matrix</Filter>
    </ClInclude>
    <ClInclude Include="Sources\Graphics\Transform\Vector\GuardianVector.h">
      <Filter>Graphics\Transform\Vector</Filter>
    </ClInclude>
    <ClInclude Include="Sources\Graphics\Viewport\GuardianViewport.h">
      <Filter>Graphics\Viewport</Filter>
    </ClInclude>
    <ClInclude Include="Sources\GuardianEngine.h" />
    <ClInclude Include="Sources\Physics\Collider\GuardianBoxCollider.h">
      <Filter>Physics\Collider</Filter>
    </ClInclude>
    <ClInclude Include="Sources\Physics\Collider\GuardianCapsuleCollider.h">
      <Filter>Physics\Collider</Filter>
    </ClInclude>
    <ClInclude Include="Sources\Physics\Collider\GuardianCollider.h">
      <Filter>Physics\Collider</Filter>
    </ClInclude>
    <ClInclude Include="Sources\Physics\Collider\GuardianMeshCollider.h">
      <Filter>Physics\Collider</Filter>
    </ClInclude>
    <ClInclude Include="Sources\Physics\Collider\GuardianSphereCollider.h">
      <Filter>Physics\Collider</Filter>
    </ClInclude>
    <ClInclude Include="Sources\Physics\GuardianPhysicsEngine.h">
      <Filter>Physics</Filter>
    </ClInclude>
    <ClInclude Include="Sources\Physics\PhysicsMaterial\GuardianPhysicsMaterial.h">
      <Filter>Physics\PhysicsMaterial</Filter>
    </ClInclude>
    <ClInclude Include="Sources\Physics\RigidBody\GuardianDynamicRigidBody.h">
      <Filter>Physics\RigidBody</Filter>
    </ClInclude>
    <ClInclude Include="Sources\Physics\RigidBody\GuardianStaticRigidBody.h">
      <Filter>Physics\RigidBody</Filter>
    </ClInclude>
    <ClInclude Include="Sources\Profile\Core\GuardianCore.h">
      <Filter>Profile\Core</Filter>
    </ClInclude>
    <ClInclude Include="Sources\Profile\EntryPoint\GuardianEntryPoint.h">
      <Filter>Profile\EntryPoint</Filter>
    </ClInclude>
    <ClInclude Include="Sources\Profile\File\GuardianFile.h">
      <Filter>Profile\File</Filter>
    </ClInclude>
    <ClInclude Include="Sources\Profile\Node\GuardianNode.h">
      <Filter>Profile\Node</Filter>
    </ClInclude>
    <ClInclude Include="Sources\Profile\Program\GuardianProgram.h">
      <Filter>Profile\Program</Filter>
    </ClInclude>
    <ClInclude Include="Sources\Profile\Serializable\GuardianSerializable.h">
      <Filter>Profile\Serializable</Filter>
    </ClInclude>
    <ClInclude Include="Sources\Profile\Time\GuardianTime.h">
      <Filter>Profile\Time</Filter>
    </ClInclude>
    <ClInclude Include="Sources\Profile\Time\Timepoint\GuardianTimepoint.h">
      <Filter>Profile\Time\Timepoint</Filter>
    </ClInclude>
    <ClInclude Include="Sources\Profile\Time\Timer\GuardianTimer.h">
      <Filter>Profile\Time\Timer</Filter>
    </ClInclude>
    <ClInclude Include="Sources\Profile\Time\Timestep\GuardianTimestep.h">
      <Filter>Profile\Time\Timestep</Filter>
    </ClInclude>
    <ClInclude Include="Sources\Profile\UUID\GuardianUUID.h">
      <Filter>Profile\UUID</Filter>
    </ClInclude>
    <ClInclude Include="Sources\Script\GuardianScriptEngine.h">
      <Filter>Script</Filter>
    </ClInclude>
    <ClInclude Include="Sources\Script\ScriptClass\GuardianScriptClass.h">
      <Filter>Script\ScriptClass</Filter>
    </ClInclude>
    <ClInclude Include="Sources\Script\ScriptRegistry\GuardianScriptRegistry.h">
      <Filter>Script\ScriptRegistry</Filter>
    </ClInclude>
  </ItemGroup>
  <ItemGroup>
    <ClCompile Include="Sources\Application\AssetSystem\Asset\GuardianAsset.cpp">
      <Filter>Application\AssetSystem\Asset</Filter>
    </ClCompile>
    <ClCompile Include="Sources\Application\AssetSystem\Asset\GuardianMeshAsset.cpp">
      <Filter>Application\AssetSystem\Asset</Filter>
    </ClCompile>
    <ClCompile Include="Sources\Application\AssetSystem\GuardianAssetSystem.cpp">
      <Filter>Application\AssetSystem</Filter>
    </ClCompile>
    <ClCompile Include="Sources\Application\Converter\GuardianConverter.cpp">
      <Filter>Application\Converter</Filter>
    </ClCompile>
    <ClCompile Include="Sources\Application\Event\GuardianEventDispatcher.cpp">
      <Filter>Application\Event</Filter>
    </ClCompile>
    <ClCompile Include="Sources\Application\Exception\GuardianException.cpp">
      <Filter>Application\Exception</Filter>
    </ClCompile>
    <ClCompile Include="Sources\Application\FileDialog\GuardianFileDialog.cpp">
      <Filter>Application\FileDialog</Filter>
    </ClCompile>
    <ClCompile Include="Sources\Application\GuardianApplication.cpp">
      <Filter>Application</Filter>
    </ClCompile>
    <ClCompile Include="Sources\Application\Input\GuardianInput.cpp">
      <Filter>Application\Input</Filter>
    </ClCompile>
    <ClCompile Include="Sources\Application\Input\Keyboard\GuardianKeyboard.cpp">
      <Filter>Application\Input\Keyboard</Filter>
    </ClCompile>
    <ClCompile Include="Sources\Application\Input\Mouse\GuardianMouse.cpp">
      <Filter>Application\Input\Mouse</Filter>
    </ClCompile>
    <ClCompile Include="Sources\Application\Thread\GuardianThread.cpp">
      <Filter>Application\Thread</Filter>
    </ClCompile>
    <ClCompile Include="Sources\Application\Window\GuardianWindow.cpp">
      <Filter>Application\Window</Filter>
    </ClCompile>
    <ClCompile Include="Sources\ECS\Entity\GuardianEntity.cpp">
      <Filter>ECS\Entity</Filter>
    </ClCompile>
    <ClCompile Include="Sources\ECS\Scene\GuardianScene.cpp">
      <Filter>ECS\Scene</Filter>
    </ClCompile>
    <ClCompile Include="Sources\Graphics\Applicable\Buffer\GuardianIndexBuffer.cpp">
      <Filter>Graphics\Applicable\Buffer</Filter>
    </ClCompile>
    <ClCompile Include="Sources\Graphics\Applicable\Buffer\GuardianVertexBuffer.cpp">
      <Filter>Graphics\Applicable\Buffer</Filter>
    </ClCompile>
    <ClCompile Include="Sources\Graphics\Applicable\InputLayout\GuardianInputLayout.cpp">
      <Filter>Graphics\Applicable\InputLayout</Filter>
    </ClCompile>
    <ClCompile Include="Sources\Graphics\Applicable\RasterizerState\GuardianRasterizerState.cpp">
      <Filter>Graphics\Applicable\RasterizerState</Filter>
    </ClCompile>
    <ClCompile Include="Sources\Graphics\Applicable\Sampler\GuardianSampler.cpp">
      <Filter>Graphics\Applicable\Sampler</Filter>
    </ClCompile>
    <ClCompile Include="Sources\Graphics\Applicable\Shader\GuardianPixelShader.cpp">
      <Filter>Graphics\Applicable\Shader</Filter>
    </ClCompile>
    <ClCompile Include="Sources\Graphics\Applicable\Shader\GuardianVertexShader.cpp">
      <Filter>Graphics\Applicable\Shader</Filter>
    </ClCompile>
    <ClCompile Include="Sources\Graphics\Applicable\Shader\ShaderGroup\GuardianShaderGroup.cpp">
      <Filter>Graphics\Applicable\Shader\ShaderGroup</Filter>
    </ClCompile>
    <ClCompile Include="Sources\Graphics\Applicable\Texture\GuardianTexture.cpp">
      <Filter>Graphics\Applicable\Texture</Filter>
    </ClCompile>
    <ClCompile Include="Sources\Graphics\Applicable\Topology\GuardianTopology.cpp">
      <Filter>Graphics\Applicable\Topology</Filter>
    </ClCompile>
    <ClCompile Include="Sources\Graphics\DepthStencil\GuardianDepthStencil.cpp">
      <Filter>Graphics\DepthStencil</Filter>
    </ClCompile>
    <ClCompile Include="Sources\Graphics\Framebuffer\GuardianFramebuffer.cpp">
      <Filter>Graphics\Framebuffer</Filter>
    </ClCompile>
    <ClCompile Include="Sources\Graphics\GuardianGraphics.cpp">
      <Filter>Graphics</Filter>
    </ClCompile>
    <ClCompile Include="Sources\Graphics\GuardianGraphicsRegistry.cpp">
      <Filter>Graphics</Filter>
    </ClCompile>
    <ClCompile Include="Sources\Graphics\Light\GuardianLightSystem.cpp">
      <Filter>Graphics\Light</Filter>
    </ClCompile>
    <ClCompile Include="Sources\Graphics\Material\GuardianMaterial.cpp">
      <Filter>Graphics\Material</Filter>
    </ClCompile>
    <ClCompile Include="Sources\Graphics\MaterialSystem\GuardianMaterialSystem.cpp">
      <Filter>Graphics\MaterialSystem</Filter>
    </ClCompile>
    <ClCompile Include="Sources\Graphics\PickingRay\GuardianPickingRay.cpp">
      <Filter>Graphics\PickingRay</Filter>
    </ClCompile>
    <ClCompile Include="Sources\Graphics\RenderGraph\GuardianRenderGraph.cpp">
      <Filter>Graphics\RenderGraph</Filter>
    </ClCompile>
    <ClCompile Include="Sources\Graphics\RenderTarget\GuardianRenderTarget.cpp">
      <Filter>Graphics\RenderTarget</Filter>
    </ClCompile>
    <ClCompile Include="Sources\Graphics\Renderable\Geometry\GuardianGeometry.cpp">
      <Filter>Graphics\Renderable\Geometry</Filter>
    </ClCompile>
    <ClCompile Include="Sources\Graphics\Renderable\GuardianRenderable.cpp">
      <Filter>Graphics\Renderable</Filter>
    </ClCompile>
    <ClCompile Include="Sources\Graphics\Renderable\Mesh\GuardianMesh.cpp">
      <Filter>Graphics\Renderable\Mesh</Filter>
    </ClCompile>
    <ClCompile Include="Sources\Graphics\Renderable\Mesh\GuardianMeshInstance.cpp">
      <Filter>Graphics\Renderable\Mesh</Filter>
    </ClCompile>
    <ClCompile Include="Sources\Graphics\Renderable\ModelImporter\GuardianModelImporter.cpp">
      <Filter>Graphics\Renderable\ModelImporter</Filter>
    </ClCompile>
    <ClCompile Include="Sources\Graphics\Renderer\GuardianRenderer.cpp">
      <Filter>Graphics\Renderer</Filter>
    </ClCompile>
    <ClCompile Include="Sources\Graphics\ShaderSystem\GuardianShaderSystem.cpp">
      <Filter>Graphics\ShaderSystem</Filter>
    </ClCompile>
    <ClCompile Include="Sources\Graphics\Surface\GuardianSurface.cpp">
      <Filter>Graphics\Surface</Filter>
    </ClCompile>
    <ClCompile Include="Sources\Graphics\Transform\Matrix\GuardianMatrix.cpp">
      <Filter>Graphics\Transform\Matrix</Filter>
    </ClCompile>
    <ClCompile Include="Sources\Graphics\Transform\Vector\GuardianVector.cpp">
      <Filter>Graphics\Transform\Vector</Filter>
    </ClCompile>
    <ClCompile Include="Sources\Graphics\Viewport\GuardianViewport.cpp">
      <Filter>Graphics\Viewport</Filter>
    </ClCompile>
    <ClCompile Include="Sources\GuardianEngine.cpp" />
    <ClCompile Include="Sources\Physics\Collider\GuardianBoxCollider.cpp">
      <Filter>Physics\Collider</Filter>
    </ClCompile>
    <ClCompile Include="Sources\Physics\Collider\GuardianCapsuleCollider.cpp">
      <Filter>Physics\Collider</Filter>
    </ClCompile>
    <ClCompile Include="Sources\Physics\Collider\GuardianMeshCollider.cpp">
      <Filter>Physics\Collider</Filter>
    </ClCompile>
    <ClCompile Include="Sources\Physics\Collider\GuardianSphereCollider.cpp">
      <Filter>Physics\Collider</Filter>
    </ClCompile>
    <ClCompile Include="Sources\Physics\GuardianPhysicsEngine.cpp">
      <Filter>Physics</Filter>
    </ClCompile>
    <ClCompile Include="Sources\Physics\PhysicsMaterial\GuardianPhysicsMaterial.cpp">
      <Filter>Physics\PhysicsMaterial</Filter>
    </ClCompile>
    <ClCompile Include="Sources\Physics\RigidBody\GuardianDynamicRigidBody.cpp">
      <Filter>Physics\RigidBody</Filter>
    </ClCompile>
    <ClCompile Include="Sources\Physics\RigidBody\GuardianStaticRigidBody.cpp">
      <Filter>Physics\RigidBody</Filter>
    </ClCompile>
    <ClCompile Include="Sources\Profile\File\GuardianFile.cpp">
      <Filter>Profile\File</Filter>
    </ClCompile>
    <ClCompile Include="Sources\Profile\Node\GuardianNode.cpp">
      <Filter>Profile\Node</Filter>
    </ClCompile>
    <ClCompile Include="Sources\Profile\Serializable\GuardianSerializable.cpp">
      <Filter>Profile\Serializable</Filter>
    </ClCompile>
    <ClCompile Include="Sources\Profile\Time\GuardianTime.cpp">
      <Filter>Profile\Time</Filter>
    </ClCompile>
    <ClCompile Include="Sources\Profile\Time\Timepoint\GuardianTimepoint.cpp">
      <Filter>Profile\Time\Timepoint</Filter>
    </ClCompile>
    <ClCompile Include="Sources\Profile\Time\Timer\GuardianTimer.cpp">
      <Filter>Profile\Time\Timer</Filter>
    </ClCompile>
    <ClCompile Include="Sources\Profile\Time\Timestep\GuardianTimestep.cpp">
      <Filter>Profile\Time\Timestep</Filter>
    </ClCompile>
    <ClCompile Include="Sources\Profile\UUID\GuardianUUID.cpp">
      <Filter>Profile\UUID</Filter>
    </ClCompile>
    <ClCompile Include="Sources\Script\GuardianScriptEngine.cpp">
      <Filter>Script</Filter>
    </ClCompile>
    <ClCompile Include="Sources\Script\ScriptClass\GuardianScriptClass.cpp">
      <Filter>Script\ScriptClass</Filter>
    </ClCompile>
    <ClCompile Include="Sources\Script\ScriptRegistry\GuardianScriptRegistry.cpp">
      <Filter>Script\ScriptRegistry</Filter>
    </ClCompile>
  </ItemGroup>
</Project>