
Microsoft Visual Studio Solution File, Format Version 12.00
# Visual Studio Version 17
Project("{8BC9CEB8-8B4A-11D0-8D11-00A0C91BC942}") = "Guardian EUI", "Guardian EUI\Guardian EUI.vcxproj", "{738D630D-5FF0-F2B1-0876-2B68F4B7BE34}"
EndProject
Project("{8BC9CEB8-8B4A-11D0-8D11-00A0C91BC942}") = "Guardian Editor", "Guardian Editor\Guardian Editor.vcxproj", "{77743685-E3FF-A349-EC10-273E581B004A}"
EndProject
Project("{8BC9CEB8-8B4A-11D0-8D11-00A0C91BC942}") = "Guardian Engine", "Guardian Engine\Guardian Engine.vcxproj", "{C621EA85-32AD-574A-3BBE-DA3EA7C8B34A}"
EndProject
Project("{8BC9CEB8-8B4A-11D0-8D11-00A0C91BC942}") = "ImGui", "Third Party\ImGui\ImGui.vcxproj", "{C0FF640D-2C14-8DBE-F595-301E616989EF}"
EndProject
Project("{8BC9CEB8-8B4A-11D0-8D11-00A0C91BC942}") = "yaml-cpp", "Third Party\yaml-cpp\yaml-cpp.vcxproj", "{88F1A057-74BE-FB62-9DD7-E90A890331F1}"
EndProject
Global
	GlobalSection(SolutionConfigurationPlatforms) = preSolution
		Debug|x64 = Debug|x64
		Distribution|x64 = Distribution|x64
		Release|x64 = Release|x64
	EndGlobalSection
	GlobalSection(ProjectConfigurationPlatforms) = postSolution
		{738D630D-5FF0-F2B1-0876-2B68F4B7BE34}.Debug|x64.ActiveCfg = Debug|x64
		{738D630D-5FF0-F2B1-0876-2B68F4B7BE34}.Debug|x64.Build.0 = Debug|x64
		{738D630D-5FF0-F2B1-0876-2B68F4B7BE34}.Distribution|x64.ActiveCfg = Distribution|x64
		{738D630D-5FF0-F2B1-0876-2B68F4B7BE34}.Distribution|x64.Build.0 = Distribution|x64
		{738D630D-5FF0-F2B1-0876-2B68F4B7BE34}.Release|x64.ActiveCfg = Release|x64
		{738D630D-5FF0-F2B1-0876-2B68F4B7BE34}.Release|x64.Build.0 = Release|x64
		{77743685-E3FF-A349-EC10-273E581B004A}.Debug|x64.ActiveCfg = Debug|x64
		{77743685-E3FF-A349-EC10-273E581B004A}.Debug|x64.Build.0 = Debug|x64
		{77743685-E3FF-A349-EC10-273E581B004A}.Distribution|x64.ActiveCfg = Distribution|x64
		{77743685-E3FF-A349-EC10-273E581B004A}.Distribution|x64.Build.0 = Distribution|x64
		{77743685-E3FF-A349-EC10-273E581B004A}.Release|x64.ActiveCfg = Release|x64
		{77743685-E3FF-A349-EC10-273E581B004A}.Release|x64.Build.0 = Release|x64
		{C621EA85-32AD-574A-3BBE-DA3EA7C8B34A}.Debug|x64.ActiveCfg = Debug|x64
		{C621EA85-32AD-574A-3BBE-DA3EA7C8B34A}.Debug|x64.Build.0 = Debug|x64
		{C621EA85-32AD-574A-3BBE-DA3EA7C8B34A}.Distribution|x64.ActiveCfg = Distribution|x64
		{C621EA85-32AD-574A-3BBE-DA3EA7C8B34A}.Distribution|x64.Build.0 = Distribution|x64
		{C621EA85-32AD-574A-3BBE-DA3EA7C8B34A}.Release|x64.ActiveCfg = Release|x64
		{C621EA85-32AD-574A-3BBE-DA3EA7C8B34A}.Release|x64.Build.0 = Release|x64
		{C0FF640D-2C14-8DBE-F595-301E616989EF}.Debug|x64.ActiveCfg = Debug|x64
		{C0FF640D-2C14-8DBE-F595-301E616989EF}.Debug|x64.Build.0 = Debug|x64
		{C0FF640D-2C14-8DBE-F595-301E616989EF}.Distribution|x64.ActiveCfg = Distribution|x64
		{C0FF640D-2C14-8DBE-F595-301E616989EF}.Distribution|x64.Build.0 = Distribution|x64
		{C0FF640D-2C14-8DBE-F595-301E616989EF}.Release|x64.ActiveCfg = Release|x64
		{C0FF640D-2C14-8DBE-F595-301E616989EF}.Release|x64.Build.0 = Release|x64
		{88F1A057-74BE-FB62-9DD7-E90A890331F1}.Debug|x64.ActiveCfg = Debug|x64
		{88F1A057-74BE-FB62-9DD7-E90A890331F1}.Debug|x64.Build.0 = Debug|x64
		{88F1A057-74BE-FB62-9DD7-E90A890331F1}.Distribution|x64.ActiveCfg = Distribution|x64
		{88F1A057-74BE-FB62-9DD7-E90A890331F1}.Distribution|x64.Build.0 = Distribution|x64
		{88F1A057-74BE-FB62-9DD7-E90A890331F1}.Release|x64.ActiveCfg = Release|x64
		{88F1A057-74BE-FB62-9DD7-E90A890331F1}.Release|x64.Build.0 = Release|x64
	EndGlobalSection
	GlobalSection(SolutionProperties) = preSolution
		HideSolutionNode = FALSE
	EndGlobalSection
EndGlobal
