<?xml version="1.0" encoding="utf-8"?>
<Project ToolsVersion="4.0" xmlns="http://schemas.microsoft.com/developer/msbuild/2003">
  <ItemGroup>
    <Filter Include="Editor">
      <UniqueIdentifier>{8C1A20B0-78BC-4A86-6177-5EDA4DB8D1D6}</UniqueIdentifier>
    </Filter>
    <Filter Include="Editor\SceneEditor">
      <UniqueIdentifier>{30714039-1C55-018F-85B5-FBE171B8EB10}</UniqueIdentifier>
    </Filter>
    <Filter Include="EditorContext">
      <UniqueIdentifier>{51AA3160-BD6A-AD96-86A5-F613F224F272}</UniqueIdentifier>
    </Filter>
    <Filter Include="EditorRenderGraph">
      <UniqueIdentifier>{7EFCAAED-EA12-A983-338A-34A59FDF790B}</UniqueIdentifier>
    </Filter>
    <Filter Include="Resource">
      <UniqueIdentifier>{ED6CDF9B-D939-3AA7-0253-284FEE7E6F35}</UniqueIdentifier>
    </Filter>
  </ItemGroup>
  <ItemGroup>
    <ClInclude Include="Sources\Editor\SceneEditor\GSceneEditor.h">
      <Filter>Editor\SceneEditor</Filter>
    </ClInclude>
    <ClInclude Include="Sources\EditorContext\GEditorContext.h">
      <Filter>EditorContext</Filter>
    </ClInclude>
    <ClInclude Include="Sources\EditorRenderGraph\GEditorRenderGraph.h">
      <Filter>EditorRenderGraph</Filter>
    </ClInclude>
    <ClInclude Include="Sources\GEditorEngine.h" />
    <ClInclude Include="Sources\Resource\Resource.h">
      <Filter>Resource</Filter>
    </ClInclude>
  </ItemGroup>
  <ItemGroup>
    <ClCompile Include="Sources\Editor\SceneEditor\GSceneEditor.cpp">
      <Filter>Editor\SceneEditor</Filter>
    </ClCompile>
    <ClCompile Include="Sources\EditorContext\GEditorContext.cpp">
      <Filter>EditorContext</Filter>
    </ClCompile>
    <ClCompile Include="Sources\EditorRenderGraph\GEditorRenderGraph.cpp">
      <Filter>EditorRenderGraph</Filter>
    </ClCompile>
    <ClCompile Include="Sources\GEditorEngine.cpp" />
  </ItemGroup>
  <ItemGroup>
    <ResourceCompile Include="Sources\Resource\Guardian Editor.rc">
      <Filter>Resource</Filter>
    </ResourceCompile>
  </ItemGroup>
</Project>